
Microsoft Visual Studio Solution File, Format Version 12.00
# Visual Studio Version 17
VisualStudioVersion = 17.13.35931.197 d17.13
MinimumVisualStudioVersion = 10.0.40219.1
Project("{FAE04EC0-301F-11D3-BF4B-00C04F79EFBC}") = "Switchgear_TimeTracker", "Switchgear_TimeTracker.csproj", "{40087B35-EE7F-452C-8070-F3BA8A955240}"
EndProject
Global
	GlobalSection(SolutionConfigurationPlatforms) = preSolution
		Debug|Any CPU = Debug|Any CPU
		Release|Any CPU = Release|Any CPU
	EndGlobalSection
	GlobalSection(ProjectConfigurationPlatforms) = postSolution
		{40087B35-EE7F-452C-8070-F3BA8A955240}.Debug|Any CPU.ActiveCfg = Debug|Any CPU
		{40087B35-EE7F-452C-8070-F3BA8A955240}.Debug|Any CPU.Build.0 = Debug|Any CPU
		{40087B35-EE7F-452C-8070-F3BA8A955240}.Release|Any CPU.ActiveCfg = Release|Any CPU
		{40087B35-EE7F-452C-8070-F3BA8A955240}.Release|Any CPU.Build.0 = Release|Any CPU
	EndGlobalSection
	GlobalSection(SolutionProperties) = preSolution
		HideSolutionNode = FALSE
	EndGlobalSection
	GlobalSection(ExtensibilityGlobals) = postSolution
		SolutionGuid = {16763E87-CF97-4193-84B2-5BDF1FA740A3}
	EndGlobalSection
EndGlobal
